
Microsoft Visual Studio Solution File, Format Version 12.00
# Visual Studio Version 17
VisualStudioVersion = 17.0.31903.59
MinimumVisualStudioVersion = 10.0.40219.1
Project("{FAE04EC0-301F-11D3-BF4B-00C04F79EFBC}") = "ApexShop.API", "ApexShop.API\ApexShop.API.csproj", "{3B9CC3BE-F88B-4BE7-9E24-71E507B7ADFC}"
EndProject
Project("{FAE04EC0-301F-11D3-BF4B-00C04F79EFBC}") = "ApexShop.Application", "ApexShop.Application\ApexShop.Application.csproj", "{6DE7A290-7B05-4A98-ABC4-0BC9C118CA06}"
EndProject
Project("{FAE04EC0-301F-11D3-BF4B-00C04F79EFBC}") = "ApexShop.Infrastructure", "ApexShop.Infrastructure\ApexShop.Infrastructure.csproj", "{8AB2FBDD-5474-46D9-AAA1-FDDFAB986CB3}"
EndProject
Project("{FAE04EC0-301F-11D3-BF4B-00C04F79EFBC}") = "ApexShop.Benchmarks.Micro", "ApexShop.Benchmarks.Micro\ApexShop.Benchmarks.Micro.csproj", "{F3B13EBD-6897-4AC2-BB33-2E123908046A}"
EndProject
Project("{FAE04EC0-301F-11D3-BF4B-00C04F79EFBC}") = "ApexShop.LoadTests", "ApexShop.LoadTests\ApexShop.LoadTests.csproj", "{19F58E0A-59D1-48F0-9212-9DD2B0AF9626}"
EndProject
Global
	GlobalSection(SolutionConfigurationPlatforms) = preSolution
		Debug|Any CPU = Debug|Any CPU
		Debug|x64 = Debug|x64
		Debug|x86 = Debug|x86
		Release|Any CPU = Release|Any CPU
		Release|x64 = Release|x64
		Release|x86 = Release|x86
	EndGlobalSection
	GlobalSection(ProjectConfigurationPlatforms) = postSolution
		{3B9CC3BE-F88B-4BE7-9E24-71E507B7ADFC}.Debug|Any CPU.ActiveCfg = Debug|Any CPU
		{3B9CC3BE-F88B-4BE7-9E24-71E507B7ADFC}.Debug|Any CPU.Build.0 = Debug|Any CPU
		{3B9CC3BE-F88B-4BE7-9E24-71E507B7ADFC}.Debug|x64.ActiveCfg = Debug|Any CPU
		{3B9CC3BE-F88B-4BE7-9E24-71E507B7ADFC}.Debug|x64.Build.0 = Debug|Any CPU
		{3B9CC3BE-F88B-4BE7-9E24-71E507B7ADFC}.Debug|x86.ActiveCfg = Debug|Any CPU
		{3B9CC3BE-F88B-4BE7-9E24-71E507B7ADFC}.Debug|x86.Build.0 = Debug|Any CPU
		{3B9CC3BE-F88B-4BE7-9E24-71E507B7ADFC}.Release|Any CPU.ActiveCfg = Release|Any CPU
		{3B9CC3BE-F88B-4BE7-9E24-71E507B7ADFC}.Release|Any CPU.Build.0 = Release|Any CPU
		{3B9CC3BE-F88B-4BE7-9E24-71E507B7ADFC}.Release|x64.ActiveCfg = Release|Any CPU
		{3B9CC3BE-F88B-4BE7-9E24-71E507B7ADFC}.Release|x64.Build.0 = Release|Any CPU
		{3B9CC3BE-F88B-4BE7-9E24-71E507B7ADFC}.Release|x86.ActiveCfg = Release|Any CPU
		{3B9CC3BE-F88B-4BE7-9E24-71E507B7ADFC}.Release|x86.Build.0 = Release|Any CPU
		{6DE7A290-7B05-4A98-ABC4-0BC9C118CA06}.Debug|Any CPU.ActiveCfg = Debug|Any CPU
		{6DE7A290-7B05-4A98-ABC4-0BC9C118CA06}.Debug|Any CPU.Build.0 = Debug|Any CPU
		{6DE7A290-7B05-4A98-ABC4-0BC9C118CA06}.Debug|x64.ActiveCfg = Debug|Any CPU
		{6DE7A290-7B05-4A98-ABC4-0BC9C118CA06}.Debug|x64.Build.0 = Debug|Any CPU
		{6DE7A290-7B05-4A98-ABC4-0BC9C118CA06}.Debug|x86.ActiveCfg = Debug|Any CPU
		{6DE7A290-7B05-4A98-ABC4-0BC9C118CA06}.Debug|x86.Build.0 = Debug|Any CPU
		{6DE7A290-7B05-4A98-ABC4-0BC9C118CA06}.Release|Any CPU.ActiveCfg = Release|Any CPU
		{6DE7A290-7B05-4A98-ABC4-0BC9C118CA06}.Release|Any CPU.Build.0 = Release|Any CPU
		{6DE7A290-7B05-4A98-ABC4-0BC9C118CA06}.Release|x64.ActiveCfg = Release|Any CPU
		{6DE7A290-7B05-4A98-ABC4-0BC9C118CA06}.Release|x64.Build.0 = Release|Any CPU
		{6DE7A290-7B05-4A98-ABC4-0BC9C118CA06}.Release|x86.ActiveCfg = Release|Any CPU
		{6DE7A290-7B05-4A98-ABC4-0BC9C118CA06}.Release|x86.Build.0 = Release|Any CPU
		{8AB2FBDD-5474-46D9-AAA1-FDDFAB986CB3}.Debug|Any CPU.ActiveCfg = Debug|Any CPU
		{8AB2FBDD-5474-46D9-AAA1-FDDFAB986CB3}.Debug|Any CPU.Build.0 = Debug|Any CPU
		{8AB2FBDD-5474-46D9-AAA1-FDDFAB986CB3}.Debug|x64.ActiveCfg = Debug|Any CPU
		{8AB2FBDD-5474-46D9-AAA1-FDDFAB986CB3}.Debug|x64.Build.0 = Debug|Any CPU
		{8AB2FBDD-5474-46D9-AAA1-FDDFAB986CB3}.Debug|x86.ActiveCfg = Debug|Any CPU
		{8AB2FBDD-5474-46D9-AAA1-FDDFAB986CB3}.Debug|x86.Build.0 = Debug|Any CPU
		{8AB2FBDD-5474-46D9-AAA1-FDDFAB986CB3}.Release|Any CPU.ActiveCfg = Release|Any CPU
		{8AB2FBDD-5474-46D9-AAA1-FDDFAB986CB3}.Release|Any CPU.Build.0 = Release|Any CPU
		{8AB2FBDD-5474-46D9-AAA1-FDDFAB986CB3}.Release|x64.ActiveCfg = Release|Any CPU
		{8AB2FBDD-5474-46D9-AAA1-FDDFAB986CB3}.Release|x64.Build.0 = Release|Any CPU
		{8AB2FBDD-5474-46D9-AAA1-FDDFAB986CB3}.Release|x86.ActiveCfg = Release|Any CPU
		{8AB2FBDD-5474-46D9-AAA1-FDDFAB986CB3}.Release|x86.Build.0 = Release|Any CPU
		{F3B13EBD-6897-4AC2-BB33-2E123908046A}.Debug|Any CPU.ActiveCfg = Debug|Any CPU
		{F3B13EBD-6897-4AC2-BB33-2E123908046A}.Debug|Any CPU.Build.0 = Debug|Any CPU
		{F3B13EBD-6897-4AC2-BB33-2E123908046A}.Debug|x64.ActiveCfg = Debug|Any CPU
		{F3B13EBD-6897-4AC2-BB33-2E123908046A}.Debug|x64.Build.0 = Debug|Any CPU
		{F3B13EBD-6897-4AC2-BB33-2E123908046A}.Debug|x86.ActiveCfg = Debug|Any CPU
		{F3B13EBD-6897-4AC2-BB33-2E123908046A}.Debug|x86.Build.0 = Debug|Any CPU
		{F3B13EBD-6897-4AC2-BB33-2E123908046A}.Release|Any CPU.ActiveCfg = Release|Any CPU
		{F3B13EBD-6897-4AC2-BB33-2E123908046A}.Release|Any CPU.Build.0 = Release|Any CPU
		{F3B13EBD-6897-4AC2-BB33-2E123908046A}.Release|x64.ActiveCfg = Release|Any CPU
		{F3B13EBD-6897-4AC2-BB33-2E123908046A}.Release|x64.Build.0 = Release|Any CPU
		{F3B13EBD-6897-4AC2-BB33-2E123908046A}.Release|x86.ActiveCfg = Release|Any CPU
		{F3B13EBD-6897-4AC2-BB33-2E123908046A}.Release|x86.Build.0 = Release|Any CPU
		{19F58E0A-59D1-48F0-9212-9DD2B0AF9626}.Debug|Any CPU.ActiveCfg = Debug|Any CPU
		{19F58E0A-59D1-48F0-9212-9DD2B0AF9626}.Debug|Any CPU.Build.0 = Debug|Any CPU
		{19F58E0A-59D1-48F0-9212-9DD2B0AF9626}.Debug|x64.ActiveCfg = Debug|Any CPU
		{19F58E0A-59D1-48F0-9212-9DD2B0AF9626}.Debug|x64.Build.0 = Debug|Any CPU
		{19F58E0A-59D1-48F0-9212-9DD2B0AF9626}.Debug|x86.ActiveCfg = Debug|Any CPU
		{19F58E0A-59D1-48F0-9212-9DD2B0AF9626}.Debug|x86.Build.0 = Debug|Any CPU
		{19F58E0A-59D1-48F0-9212-9DD2B0AF9626}.Release|Any CPU.ActiveCfg = Release|Any CPU
		{19F58E0A-59D1-48F0-9212-9DD2B0AF9626}.Release|Any CPU.Build.0 = Release|Any CPU
		{19F58E0A-59D1-48F0-9212-9DD2B0AF9626}.Release|x64.ActiveCfg = Release|Any CPU
		{19F58E0A-59D1-48F0-9212-9DD2B0AF9626}.Release|x64.Build.0 = Release|Any CPU
		{19F58E0A-59D1-48F0-9212-9DD2B0AF9626}.Release|x86.ActiveCfg = Release|Any CPU
		{19F58E0A-59D1-48F0-9212-9DD2B0AF9626}.Release|x86.Build.0 = Release|Any CPU
	EndGlobalSection
	GlobalSection(SolutionProperties) = preSolution
		HideSolutionNode = FALSE
	EndGlobalSection
EndGlobal
